
Microsoft Visual Studio Solution File, Format Version 12.00
# Visual Studio Version 17
VisualStudioVersion = 17.3.32819.101
MinimumVisualStudioVersion = 10.0.40219.1
Project("{FAE04EC0-301F-11D3-BF4B-00C04F79EFBC}") = "PloomesBackend", "PloomesBackend\PloomesBackend.csproj", "{CE59FA92-5EAF-4821-989A-5413ED1E55A7}"
EndProject
Project("{FAE04EC0-301F-11D3-BF4B-00C04F79EFBC}") = "PloomesBackend.Data", "PloomesBackend.Data\PloomesBackend.Data.csproj", "{9E38318E-5A37-4A4F-8C41-C86AF1E7CA6C}"
EndProject
Global
	GlobalSection(SolutionConfigurationPlatforms) = preSolution
		Debug|Any CPU = Debug|Any CPU
		Release|Any CPU = Release|Any CPU
	EndGlobalSection
	GlobalSection(ProjectConfigurationPlatforms) = postSolution
		{CE59FA92-5EAF-4821-989A-5413ED1E55A7}.Debug|Any CPU.ActiveCfg = Debug|Any CPU
		{CE59FA92-5EAF-4821-989A-5413ED1E55A7}.Debug|Any CPU.Build.0 = Debug|Any CPU
		{CE59FA92-5EAF-4821-989A-5413ED1E55A7}.Release|Any CPU.ActiveCfg = Release|Any CPU
		{CE59FA92-5EAF-4821-989A-5413ED1E55A7}.Release|Any CPU.Build.0 = Release|Any CPU
		{9E38318E-5A37-4A4F-8C41-C86AF1E7CA6C}.Debug|Any CPU.ActiveCfg = Debug|Any CPU
		{9E38318E-5A37-4A4F-8C41-C86AF1E7CA6C}.Debug|Any CPU.Build.0 = Debug|Any CPU
		{9E38318E-5A37-4A4F-8C41-C86AF1E7CA6C}.Release|Any CPU.ActiveCfg = Release|Any CPU
		{9E38318E-5A37-4A4F-8C41-C86AF1E7CA6C}.Release|Any CPU.Build.0 = Release|Any CPU
	EndGlobalSection
	GlobalSection(SolutionProperties) = preSolution
		HideSolutionNode = FALSE
	EndGlobalSection
	GlobalSection(ExtensibilityGlobals) = postSolution
		SolutionGuid = {FF2D299B-DBAE-4951-AC8E-7F761D33955E}
	EndGlobalSection
EndGlobal
